// !$*UTF8*$!
{
	archiveVersion = 1;
	classes = {
	};
	objectVersion = 50;
	objects = {

/* Begin PBXBuildFile section */
		6AB5F984263F89D504EF84DA /* Pods_ImgFromnet.framework in Frameworks */ = {isa = PBXBuildFile; fileRef = 700B04D8DF0AAE97F078811A /* Pods_ImgFromnet.framework */; };
		7955FD5F23D789070064F460 /* AppDelegate.swift in Sources */ = {isa = PBXBuildFile; fileRef = 7955FD5E23D789070064F460 /* AppDelegate.swift */; };
		7955FD6123D789070064F460 /* SceneDelegate.swift in Sources */ = {isa = PBXBuildFile; fileRef = 7955FD6023D789070064F460 /* SceneDelegate.swift */; };
		7955FD6323D789070064F460 /* ImgViewController.swift in Sources */ = {isa = PBXBuildFile; fileRef = 7955FD6223D789070064F460 /* ImgViewController.swift */; };
		7955FD6623D789070064F460 /* Main.storyboard in Resources */ = {isa = PBXBuildFile; fileRef = 7955FD6423D789070064F460 /* Main.storyboard */; };
		7955FD6823D789120064F460 /* Assets.xcassets in Resources */ = {isa = PBXBuildFile; fileRef = 7955FD6723D789120064F460 /* Assets.xcassets */; };
		7955FD6B23D789120064F460 /* LaunchScreen.storyboard in Resources */ = {isa = PBXBuildFile; fileRef = 7955FD6923D789120064F460 /* LaunchScreen.storyboard */; };
		79FDE2A223DA279C003FD3AF /* MenuViewController.swift in Sources */ = {isa = PBXBuildFile; fileRef = 79FDE2A123DA279C003FD3AF /* MenuViewController.swift */; };
/* End PBXBuildFile section */

/* Begin PBXFileReference section */
		700B04D8DF0AAE97F078811A /* Pods_ImgFromnet.framework */ = {isa = PBXFileReference; explicitFileType = wrapper.framework; includeInIndex = 0; path = Pods_ImgFromnet.framework; sourceTree = BUILT_PRODUCTS_DIR; };
		7955FD5B23D789070064F460 /* ImgFromnet.app */ = {isa = PBXFileReference; explicitFileType = wrapper.application; includeInIndex = 0; path = ImgFromnet.app; sourceTree = BUILT_PRODUCTS_DIR; };
		7955FD5E23D789070064F460 /* AppDelegate.swift */ = {isa = PBXFileReference; lastKnownFileType = sourcecode.swift; path = AppDelegate.swift; sourceTree = "<group>"; };
		7955FD6023D789070064F460 /* SceneDelegate.swift */ = {isa = PBXFileReference; lastKnownFileType = sourcecode.swift; path = SceneDelegate.swift; sourceTree = "<group>"; };
		7955FD6223D789070064F460 /* ImgViewController.swift */ = {isa = PBXFileReference; lastKnownFileType = sourcecode.swift; path = ImgViewController.swift; sourceTree = "<group>"; };
		7955FD6523D789070064F460 /* Base */ = {isa = PBXFileReference; lastKnownFileType = file.storyboard; name = Base; path = Base.lproj/Main.storyboard; sourceTree = "<group>"; };
		7955FD6723D789120064F460 /* Assets.xcassets */ = {isa = PBXFileReference; lastKnownFileType = folder.assetcatalog; path = Assets.xcassets; sourceTree = "<group>"; };
		7955FD6A23D789120064F460 /* Base */ = {isa = PBXFileReference; lastKnownFileType = file.storyboard; name = Base; path = Base.lproj/LaunchScreen.storyboard; sourceTree = "<group>"; };
		7955FD6C23D789120064F460 /* Info.plist */ = {isa = PBXFileReference; lastKnownFileType = text.plist.xml; path = Info.plist; sourceTree = "<group>"; };
		79FDE2A123DA279C003FD3AF /* MenuViewController.swift */ = {isa = PBXFileReference; lastKnownFileType = sourcecode.swift; path = MenuViewController.swift; sourceTree = "<group>"; };
		AEC8526B6B7737345C22D8E2 /* Pods-ImgFromnet.debug.xcconfig */ = {isa = PBXFileReference; includeInIndex = 1; lastKnownFileType = text.xcconfig; name = "Pods-ImgFromnet.debug.xcconfig"; path = "Pods/Target Support Files/Pods-ImgFromnet/Pods-ImgFromnet.debug.xcconfig"; sourceTree = "<group>"; };
		E161BF1DBCF1C73920379256 /* Pods-ImgFromnet.release.xcconfig */ = {isa = PBXFileReference; includeInIndex = 1; lastKnownFileType = text.xcconfig; name = "Pods-ImgFromnet.release.xcconfig"; path = "Pods/Target Support Files/Pods-ImgFromnet/Pods-ImgFromnet.release.xcconfig"; sourceTree = "<group>"; };
/* End PBXFileReference section */

/* Begin PBXFrameworksBuildPhase section */
		7955FD5823D789070064F460 /* Frameworks */ = {
			isa = PBXFrameworksBuildPhase;
			buildActionMask = 2147483647;
			files = (
				6AB5F984263F89D504EF84DA /* Pods_ImgFromnet.framework in Frameworks */,
			);
			runOnlyForDeploymentPostprocessing = 0;
		};
/* End PBXFrameworksBuildPhase section */

/* Begin PBXGroup section */
		4F780CD0175A734294BBF7DC /* Frameworks */ = {
			isa = PBXGroup;
			children = (
				700B04D8DF0AAE97F078811A /* Pods_ImgFromnet.framework */,
			);
			name = Frameworks;
			sourceTree = "<group>";
		};
		4FD36C5AAC8E0CF39DCF957F /* Pods */ = {
			isa = PBXGroup;
			children = (
				AEC8526B6B7737345C22D8E2 /* Pods-ImgFromnet.debug.xcconfig */,
				E161BF1DBCF1C73920379256 /* Pods-ImgFromnet.release.xcconfig */,
			);
			name = Pods;
			sourceTree = "<group>";
		};
		7955FD5223D789070064F460 = {
			isa = PBXGroup;
			children = (
				7955FD5D23D789070064F460 /* ImgFromnet */,
				7955FD5C23D789070064F460 /* Products */,
				4FD36C5AAC8E0CF39DCF957F /* Pods */,
				4F780CD0175A734294BBF7DC /* Frameworks */,
			);
			sourceTree = "<group>";
		};
		7955FD5C23D789070064F460 /* Products */ = {
			isa = PBXGroup;
			children = (
				7955FD5B23D789070064F460 /* ImgFromnet.app */,
			);
			name = Products;
			sourceTree = "<group>";
		};
		7955FD5D23D789070064F460 /* ImgFromnet */ = {
			isa = PBXGroup;
			children = (
				7955FD5E23D789070064F460 /* AppDelegate.swift */,
				7955FD6023D789070064F460 /* SceneDelegate.swift */,
				79FDE2A123DA279C003FD3AF /* MenuViewController.swift */,
				7955FD6223D789070064F460 /* ImgViewController.swift */,
				7955FD6423D789070064F460 /* Main.storyboard */,
				7955FD6723D789120064F460 /* Assets.xcassets */,
				7955FD6923D789120064F460 /* LaunchScreen.storyboard */,
				7955FD6C23D789120064F460 /* Info.plist */,
			);
			path = ImgFromnet;
			sourceTree = "<group>";
		};
/* End PBXGroup section */

/* Begin PBXNativeTarget section */
		7955FD5A23D789070064F460 /* ImgFromnet */ = {
			isa = PBXNativeTarget;
			buildConfigurationList = 7955FD6F23D789120064F460 /* Build configuration list for PBXNativeTarget "ImgFromnet" */;
			buildPhases = (
				81F16C96E5FD6C140948E96A /* [CP] Check Pods Manifest.lock */,
				7955FD5723D789070064F460 /* Sources */,
				7955FD5823D789070064F460 /* Frameworks */,
				7955FD5923D789070064F460 /* Resources */,
				3103A52811765A0B57F6B558 /* [CP] Embed Pods Frameworks */,
			);
			buildRules = (
			);
			dependencies = (
			);
			name = ImgFromnet;
			productName = ImgFromnet;
			productReference = 7955FD5B23D789070064F460 /* ImgFromnet.app */;
			productType = "com.apple.product-type.application";
		};
/* End PBXNativeTarget section */

/* Begin PBXProject section */
		7955FD5323D789070064F460 /* Project object */ = {
			isa = PBXProject;
			attributes = {
				LastSwiftUpdateCheck = 1120;
				LastUpgradeCheck = 1120;
				ORGANIZATIONNAME = "james luo";
				TargetAttributes = {
					7955FD5A23D789070064F460 = {
						CreatedOnToolsVersion = 11.2;
					};
				};
			};
			buildConfigurationList = 7955FD5623D789070064F460 /* Build configuration list for PBXProject "ImgFromnet" */;
			compatibilityVersion = "Xcode 9.3";
			developmentRegion = en;
			hasScannedForEncodings = 0;
			knownRegions = (
				en,
				Base,
			);
			mainGroup = 7955FD5223D789070064F460;
			productRefGroup = 7955FD5C23D789070064F460 /* Products */;
			projectDirPath = "";
			projectRoot = "";
			targets = (
				7955FD5A23D789070064F460 /* ImgFromnet */,
			);
		};
/* End PBXProject section */

/* Begin PBXResourcesBuildPhase section */
		7955FD5923D789070064F460 /* Resources */ = {
			isa = PBXResourcesBuildPhase;
			buildActionMask = 2147483647;
			files = (
				7955FD6B23D789120064F460 /* LaunchScreen.storyboard in Resources */,
				7955FD6823D789120064F460 /* Assets.xcassets in Resources */,
				7955FD6623D789070064F460 /* Main.storyboard in Resources */,
			);
			runOnlyForDeploymentPostprocessing = 0;
		};
/* End PBXResourcesBuildPhase section */

/* Begin PBXShellScriptBuildPhase section */
		3103A52811765A0B57F6B558 /* [CP] Embed Pods Frameworks */ = {
			isa = PBXShellScriptBuildPhase;
			buildActionMask = 2147483647;
			files = (
			);
			inputPaths = (
				"${SRCROOT}/Pods/Target Support Files/Pods-ImgFromnet/Pods-ImgFromnet-frameworks.sh",
				"${BUILT_PRODUCTS_DIR}/Kingfisher/Kingfisher.framework",
				"${BUILT_PRODUCTS_DIR}/Spring/Spring.framework",
			);
			name = "[CP] Embed Pods Frameworks";
			outputPaths = (
				"${TARGET_BUILD_DIR}/${FRAMEWORKS_FOLDER_PATH}/Kingfisher.framework",
				"${TARGET_BUILD_DIR}/${FRAMEWORKS_FOLDER_PATH}/Spring.framework",
			);
			runOnlyForDeploymentPostprocessing = 0;
			shellPath = /bin/sh;
			shellScript = "\"${SRCROOT}/Pods/Target Support Files/Pods-ImgFromnet/Pods-ImgFromnet-frameworks.sh\"\n";
			showEnvVarsInLog = 0;
		};
		81F16C96E5FD6C140948E96A /* [CP] Check Pods Manifest.lock */ = {
			isa = PBXShellScriptBuildPhase;
			buildActionMask = 2147483647;
			files = (
			);
			inputPaths = (
				"${PODS_PODFILE_DIR_PATH}/Podfile.lock",
				"${PODS_ROOT}/Manifest.lock",
			);
			name = "[CP] Check Pods Manifest.lock";
			outputPaths = (
				"$(DERIVED_FILE_DIR)/Pods-ImgFromnet-checkManifestLockResult.txt",
			);
			runOnlyForDeploymentPostprocessing = 0;
			shellPath = /bin/sh;
			shellScript = "diff \"${PODS_PODFILE_DIR_PATH}/Podfile.lock\" \"${PODS_ROOT}/Manifest.lock\" > /dev/null\nif [ $? != 0 ] ; then\n    # print error to STDERR\n    echo \"error: The sandbox is not in sync with the Podfile.lock. Run 'pod install' or update your CocoaPods installation.\" >&2\n    exit 1\nfi\n# This output is used by Xcode 'outputs' to avoid re-running this script phase.\necho \"SUCCESS\" > \"${SCRIPT_OUTPUT_FILE_0}\"\n";
			showEnvVarsInLog = 0;
		};
/* End PBXShellScriptBuildPhase section */

/* Begin PBXSourcesBuildPhase section */
		7955FD5723D789070064F460 /* Sources */ = {
			isa = PBXSourcesBuildPhase;
			buildActionMask = 2147483647;
			files = (
				7955FD6323D789070064F460 /* ImgViewController.swift in Sources */,
				7955FD5F23D789070064F460 /* AppDelegate.swift in Sources */,
				7955FD6123D789070064F460 /* SceneDelegate.swift in Sources */,
				79FDE2A223DA279C003FD3AF /* MenuViewController.swift in Sources */,
			);
			runOnlyForDeploymentPostprocessing = 0;
		};
/* End PBXSourcesBuildPhase section */

/* Begin PBXVariantGroup section */
		7955FD6423D789070064F460 /* Main.storyboard */ = {
			isa = PBXVariantGroup;
			children = (
				7955FD6523D789070064F460 /* Base */,
			);
			name = Main.storyboard;
			sourceTree = "<group>";
		};
		7955FD6923D789120064F460 /* LaunchScreen.storyboard */ = {
			isa = PBXVariantGroup;
			children = (
				7955FD6A23D789120064F460 /* Base */,
			);
			name = LaunchScreen.storyboard;
			sourceTree = "<group>";
		};
/* End PBXVariantGroup section */

/* Begin XCBuildConfiguration section */
		7955FD6D23D789120064F460 /* Debug */ = {
			isa = XCBuildConfiguration;
			buildSettings = {
				ALWAYS_SEARCH_USER_PATHS = NO;
				CLANG_ANALYZER_NONNULL = YES;
				CLANG_ANALYZER_NUMBER_OBJECT_CONVERSION = YES_AGGRESSIVE;
				CLANG_CXX_LANGUAGE_STANDARD = "gnu++14";
				CLANG_CXX_LIBRARY = "libc++";
				CLANG_ENABLE_MODULES = YES;
				CLANG_ENABLE_OBJC_ARC = YES;
				CLANG_ENABLE_OBJC_WEAK = YES;
				CLANG_WARN_BLOCK_CAPTURE_AUTORELEASING = YES;
				CLANG_WARN_BOOL_CONVERSION = YES;
				CLANG_WARN_COMMA = YES;
				CLANG_WARN_CONSTANT_CONVERSION = YES;
				CLANG_WARN_DEPRECATED_OBJC_IMPLEMENTATIONS = YES;
				CLANG_WARN_DIRECT_OBJC_ISA_USAGE = YES_ERROR;
				CLANG_WARN_DOCUMENTATION_COMMENTS = YES;
				CLANG_WARN_EMPTY_BODY = YES;
				CLANG_WARN_ENUM_CONVERSION = YES;
				CLANG_WARN_INFINITE_RECURSION = YES;
				CLANG_WARN_INT_CONVERSION = YES;
				CLANG_WARN_NON_LITERAL_NULL_CONVERSION = YES;
				CLANG_WARN_OBJC_IMPLICIT_RETAIN_SELF = YES;
				CLANG_WARN_OBJC_LITERAL_CONVERSION = YES;
				CLANG_WARN_OBJC_ROOT_CLASS = YES_ERROR;
				CLANG_WARN_RANGE_LOOP_ANALYSIS = YES;
				CLANG_WARN_STRICT_PROTOTYPES = YES;
				CLANG_WARN_SUSPICIOUS_MOVE = YES;
				CLANG_WARN_UNGUARDED_AVAILABILITY = YES_AGGRESSIVE;
				CLANG_WARN_UNREACHABLE_CODE = YES;
				CLANG_WARN__DUPLICATE_METHOD_MATCH = YES;
				COPY_PHASE_STRIP = NO;
				DEBUG_INFORMATION_FORMAT = dwarf;
				ENABLE_STRICT_OBJC_MSGSEND = YES;
				ENABLE_TESTABILITY = YES;
				GCC_C_LANGUAGE_STANDARD = gnu11;
				GCC_DYNAMIC_NO_PIC = NO;
				GCC_NO_COMMON_BLOCKS = YES;
				GCC_OPTIMIZATION_LEVEL = 0;
				GCC_PREPROCESSOR_DEFINITIONS = (
					"DEBUG=1",
					"$(inherited)",
				);
				GCC_WARN_64_TO_32_BIT_CONVERSION = YES;
				GCC_WARN_ABOUT_RETURN_TYPE = YES_ERROR;
				GCC_WARN_UNDECLARED_SELECTOR = YES;
				GCC_WARN_UNINITIALIZED_AUTOS = YES_AGGRESSIVE;
				GCC_WARN_UNUSED_FUNCTION = YES;
				GCC_WARN_UNUSED_VARIABLE = YES;
				IPHONEOS_DEPLOYMENT_TARGET = 13.2;
				MTL_ENABLE_DEBUG_INFO = INCLUDE_SOURCE;
				MTL_FAST_MATH = YES;
				ONLY_ACTIVE_ARCH = YES;
				SDKROOT = iphoneos;
				SWIFT_ACTIVE_COMPILATION_CONDITIONS = DEBUG;
				SWIFT_OPTIMIZATION_LEVEL = "-Onone";
			};
			name = Debug;
		};
		7955FD6E23D789120064F460 /* Release */ = {
			isa = XCBuildConfiguration;
			buildSettings = {
				ALWAYS_SEARCH_USER_PATHS = NO;
				CLANG_ANALYZER_NONNULL = YES;
				CLANG_ANALYZER_NUMBER_OBJECT_CONVERSION = YES_AGGRESSIVE;
				CLANG_CXX_LANGUAGE_STANDARD = "gnu++14";
				CLANG_CXX_LIBRARY = "libc++";
				CLANG_ENABLE_MODULES = YES;
				CLANG_ENABLE_OBJC_ARC = YES;
				CLANG_ENABLE_OBJC_WEAK = YES;
				CLANG_WARN_BLOCK_CAPTURE_AUTORELEASING = YES;
				CLANG_WARN_BOOL_CONVERSION = YES;
				CLANG_WARN_COMMA = YES;
				CLANG_WARN_CONSTANT_CONVERSION = YES;
				CLANG_WARN_DEPRECATED_OBJC_IMPLEMENTATIONS = YES;
				CLANG_WARN_DIRECT_OBJC_ISA_USAGE = YES_ERROR;
				CLANG_WARN_DOCUMENTATION_COMMENTS = YES;
				CLANG_WARN_EMPTY_BODY = YES;
				CLANG_WARN_ENUM_CONVERSION = YES;
				CLANG_WARN_INFINITE_RECURSION = YES;
				CLANG_WARN_INT_CONVERSION = YES;
				CLANG_WARN_NON_LITERAL_NULL_CONVERSION = YES;
				CLANG_WARN_OBJC_IMPLICIT_RETAIN_SELF = YES;
				CLANG_WARN_OBJC_LITERAL_CONVERSION = YES;
				CLANG_WARN_OBJC_ROOT_CLASS = YES_ERROR;
				CLANG_WARN_RANGE_LOOP_ANALYSIS = YES;
				CLANG_WARN_STRICT_PROTOTYPES = YES;
				CLANG_WARN_SUSPICIOUS_MOVE = YES;
				CLANG_WARN_UNGUARDED_AVAILABILITY = YES_AGGRESSIVE;
				CLANG_WARN_UNREACHABLE_CODE = YES;
				CLANG_WARN__DUPLICATE_METHOD_MATCH = YES;
				COPY_PHASE_STRIP = NO;
				DEBUG_INFORMATION_FORMAT = "dwarf-with-dsym";
				ENABLE_NS_ASSERTIONS = NO;
				ENABLE_STRICT_OBJC_MSGSEND = YES;
				GCC_C_LANGUAGE_STANDARD = gnu11;
				GCC_NO_COMMON_BLOCKS = YES;
				GCC_WARN_64_TO_32_BIT_CONVERSION = YES;
				GCC_WARN_ABOUT_RETURN_TYPE = YES_ERROR;
				GCC_WARN_UNDECLARED_SELECTOR = YES;
				GCC_WARN_UNINITIALIZED_AUTOS = YES_AGGRESSIVE;
				GCC_WARN_UNUSED_FUNCTION = YES;
				GCC_WARN_UNUSED_VARIABLE = YES;
				IPHONEOS_DEPLOYMENT_TARGET = 13.2;
				MTL_ENABLE_DEBUG_INFO = NO;
				MTL_FAST_MATH = YES;
				SDKROOT = iphoneos;
				SWIFT_COMPILATION_MODE = wholemodule;
				SWIFT_OPTIMIZATION_LEVEL = "-O";
				VALIDATE_PRODUCT = YES;
			};
			name = Release;
		};
		7955FD7023D789120064F460 /* Debug */ = {
			isa = XCBuildConfiguration;
			baseConfigurationReference = AEC8526B6B7737345C22D8E2 /* Pods-ImgFromnet.debug.xcconfig */;
			buildSettings = {
				ASSETCATALOG_COMPILER_APPICON_NAME = AppIcon;
				CODE_SIGN_STYLE = Automatic;
				DEVELOPMENT_TEAM = TCL5NNKKA5;
				INFOPLIST_FILE = ImgFromnet/Info.plist;
				LD_RUNPATH_SEARCH_PATHS = (
					"$(inherited)",
					"@executable_path/Frameworks",
				);
				PRODUCT_BUNDLE_IDENTIFIER = acm.ImgFromnet;
				PRODUCT_NAME = "$(TARGET_NAME)";
				SWIFT_VERSION = 5.0;
				TARGETED_DEVICE_FAMILY = "1,2";
			};
			name = Debug;
		};
		7955FD7123D789120064F460 /* Release */ = {
			isa = XCBuildConfiguration;
			baseConfigurationReference = E161BF1DBCF1C73920379256 /* Pods-ImgFromnet.release.xcconfig */;
			buildSettings = {
				ASSETCATALOG_COMPILER_APPICON_NAME = AppIcon;
				CODE_SIGN_STYLE = Automatic;
				DEVELOPMENT_TEAM = TCL5NNKKA5;
				INFOPLIST_FILE = ImgFromnet/Info.plist;
				LD_RUNPATH_SEARCH_PATHS = (
					"$(inherited)",
					"@executable_path/Frameworks",
				);
				PRODUCT_BUNDLE_IDENTIFIER = acm.ImgFromnet;
				PRODUCT_NAME = "$(TARGET_NAME)";
				SWIFT_VERSION = 5.0;
				TARGETED_DEVICE_FAMILY = "1,2";
			};
			name = Release;
		};
/* End XCBuildConfiguration section */

/* Begin XCConfigurationList section */
		7955FD5623D789070064F460 /* Build configuration list for PBXProject "ImgFromnet" */ = {
			isa = XCConfigurationList;
			buildConfigurations = (
				7955FD6D23D789120064F460 /* Debug */,
				7955FD6E23D789120064F460 /* Release */,
			);
			defaultConfigurationIsVisible = 0;
			defaultConfigurationName = Release;
		};
		7955FD6F23D789120064F460 /* Build configuration list for PBXNativeTarget "ImgFromnet" */ = {
			isa = XCConfigurationList;
			buildConfigurations = (
				7955FD7023D789120064F460 /* Debug */,
				7955FD7123D789120064F460 /* Release */,
			);
			defaultConfigurationIsVisible = 0;
			defaultConfigurationName = Release;
		};
/* End XCConfigurationList section */
	};
	rootObject = 7955FD5323D789070064F460 /* Project object */;
}
