// !$*UTF8*$!
{
	archiveVersion = 1;
	classes = {
	};
	objectVersion = 51;
	objects = {

/* Begin PBXBuildFile section */
		792B05062387467000C527FE /* ARView.swift in Sources */ = {isa = PBXBuildFile; fileRef = 792B05052387467000C527FE /* ARView.swift */; };
		79747E502366BEA300D3E08A /* AppDelegate.swift in Sources */ = {isa = PBXBuildFile; fileRef = 79747E4F2366BEA300D3E08A /* AppDelegate.swift */; };
		79747E522366BEA300D3E08A /* SceneDelegate.swift in Sources */ = {isa = PBXBuildFile; fileRef = 79747E512366BEA300D3E08A /* SceneDelegate.swift */; };
		79747E542366BEA300D3E08A /* ViewController.swift in Sources */ = {isa = PBXBuildFile; fileRef = 79747E532366BEA300D3E08A /* ViewController.swift */; };
		79747E572366BEA300D3E08A /* Main.storyboard in Resources */ = {isa = PBXBuildFile; fileRef = 79747E552366BEA300D3E08A /* Main.storyboard */; };
		79747E592366BEAC00D3E08A /* Assets.xcassets in Resources */ = {isa = PBXBuildFile; fileRef = 79747E582366BEAC00D3E08A /* Assets.xcassets */; };
		79747E5C2366BEAC00D3E08A /* LaunchScreen.storyboard in Resources */ = {isa = PBXBuildFile; fileRef = 79747E5A2366BEAC00D3E08A /* LaunchScreen.storyboard */; };
		79B3CCBC2407C11F009F182E /* AnalizeViewController.swift in Sources */ = {isa = PBXBuildFile; fileRef = 79B3CCBB2407C11F009F182E /* AnalizeViewController.swift */; };
		864A7D8531A8C9A6B3967896 /* Pods_camera.framework in Frameworks */ = {isa = PBXBuildFile; fileRef = 1A03D4D584BBA8052FFDCC82 /* Pods_camera.framework */; };
/* End PBXBuildFile section */

/* Begin PBXFileReference section */
		1A03D4D584BBA8052FFDCC82 /* Pods_camera.framework */ = {isa = PBXFileReference; explicitFileType = wrapper.framework; includeInIndex = 0; path = Pods_camera.framework; sourceTree = BUILT_PRODUCTS_DIR; };
		2E7867A4A432E406F16DBB6F /* Pods-camera.release.xcconfig */ = {isa = PBXFileReference; includeInIndex = 1; lastKnownFileType = text.xcconfig; name = "Pods-camera.release.xcconfig"; path = "Target Support Files/Pods-camera/Pods-camera.release.xcconfig"; sourceTree = "<group>"; };
		792B05052387467000C527FE /* ARView.swift */ = {isa = PBXFileReference; lastKnownFileType = sourcecode.swift; path = ARView.swift; sourceTree = "<group>"; };
		79747E4C2366BEA300D3E08A /* camera.app */ = {isa = PBXFileReference; explicitFileType = wrapper.application; includeInIndex = 0; path = camera.app; sourceTree = BUILT_PRODUCTS_DIR; };
		79747E4F2366BEA300D3E08A /* AppDelegate.swift */ = {isa = PBXFileReference; lastKnownFileType = sourcecode.swift; path = AppDelegate.swift; sourceTree = "<group>"; };
		79747E512366BEA300D3E08A /* SceneDelegate.swift */ = {isa = PBXFileReference; lastKnownFileType = sourcecode.swift; path = SceneDelegate.swift; sourceTree = "<group>"; };
		79747E532366BEA300D3E08A /* ViewController.swift */ = {isa = PBXFileReference; lastKnownFileType = sourcecode.swift; path = ViewController.swift; sourceTree = "<group>"; };
		79747E562366BEA300D3E08A /* Base */ = {isa = PBXFileReference; lastKnownFileType = file.storyboard; name = Base; path = Base.lproj/Main.storyboard; sourceTree = "<group>"; };
		79747E582366BEAC00D3E08A /* Assets.xcassets */ = {isa = PBXFileReference; lastKnownFileType = folder.assetcatalog; path = Assets.xcassets; sourceTree = "<group>"; };
		79747E5B2366BEAC00D3E08A /* Base */ = {isa = PBXFileReference; lastKnownFileType = file.storyboard; name = Base; path = Base.lproj/LaunchScreen.storyboard; sourceTree = "<group>"; };
		79747E5D2366BEAC00D3E08A /* Info.plist */ = {isa = PBXFileReference; lastKnownFileType = text.plist.xml; path = Info.plist; sourceTree = "<group>"; };
		79B3CCBB2407C11F009F182E /* AnalizeViewController.swift */ = {isa = PBXFileReference; lastKnownFileType = sourcecode.swift; path = AnalizeViewController.swift; sourceTree = "<group>"; };
		908169DBD7F9005307340BD6 /* Pods-camera.debug.xcconfig */ = {isa = PBXFileReference; includeInIndex = 1; lastKnownFileType = text.xcconfig; name = "Pods-camera.debug.xcconfig"; path = "Target Support Files/Pods-camera/Pods-camera.debug.xcconfig"; sourceTree = "<group>"; };
/* End PBXFileReference section */

/* Begin PBXFrameworksBuildPhase section */
		79747E492366BEA300D3E08A /* Frameworks */ = {
			isa = PBXFrameworksBuildPhase;
			buildActionMask = 2147483647;
			files = (
				864A7D8531A8C9A6B3967896 /* Pods_camera.framework in Frameworks */,
			);
			runOnlyForDeploymentPostprocessing = 0;
		};
/* End PBXFrameworksBuildPhase section */

/* Begin PBXGroup section */
		1DC65DF3565D1A6B427E3367 /* Pods */ = {
			isa = PBXGroup;
			children = (
				908169DBD7F9005307340BD6 /* Pods-camera.debug.xcconfig */,
				2E7867A4A432E406F16DBB6F /* Pods-camera.release.xcconfig */,
			);
			path = Pods;
			sourceTree = "<group>";
		};
		79747E432366BEA300D3E08A = {
			isa = PBXGroup;
			children = (
				79747E4E2366BEA300D3E08A /* camera */,
				79747E4D2366BEA300D3E08A /* Products */,
				1DC65DF3565D1A6B427E3367 /* Pods */,
				8B404A1C5BBBBF59B7BD0A2E /* Frameworks */,
			);
			sourceTree = "<group>";
		};
		79747E4D2366BEA300D3E08A /* Products */ = {
			isa = PBXGroup;
			children = (
				79747E4C2366BEA300D3E08A /* camera.app */,
			);
			name = Products;
			sourceTree = "<group>";
		};
		79747E4E2366BEA300D3E08A /* camera */ = {
			isa = PBXGroup;
			children = (
				79747E4F2366BEA300D3E08A /* AppDelegate.swift */,
				79747E512366BEA300D3E08A /* SceneDelegate.swift */,
				79747E532366BEA300D3E08A /* ViewController.swift */,
				79747E552366BEA300D3E08A /* Main.storyboard */,
				79B3CCBB2407C11F009F182E /* AnalizeViewController.swift */,
				792B05052387467000C527FE /* ARView.swift */,
				79747E582366BEAC00D3E08A /* Assets.xcassets */,
				79747E5A2366BEAC00D3E08A /* LaunchScreen.storyboard */,
				79747E5D2366BEAC00D3E08A /* Info.plist */,
			);
			path = camera;
			sourceTree = "<group>";
		};
		8B404A1C5BBBBF59B7BD0A2E /* Frameworks */ = {
			isa = PBXGroup;
			children = (
				1A03D4D584BBA8052FFDCC82 /* Pods_camera.framework */,
			);
			name = Frameworks;
			sourceTree = "<group>";
		};
/* End PBXGroup section */

/* Begin PBXNativeTarget section */
		79747E4B2366BEA300D3E08A /* camera */ = {
			isa = PBXNativeTarget;
			buildConfigurationList = 79747E602366BEAC00D3E08A /* Build configuration list for PBXNativeTarget "camera" */;
			buildPhases = (
				6FD4C7BFF8B87D386733FC28 /* [CP] Check Pods Manifest.lock */,
				79747E482366BEA300D3E08A /* Sources */,
				79747E492366BEA300D3E08A /* Frameworks */,
				79747E4A2366BEA300D3E08A /* Resources */,
				D5CF02F6337B83B928601539 /* [CP] Embed Pods Frameworks */,
			);
			buildRules = (
			);
			dependencies = (
			);
			name = camera;
			productName = camera;
			productReference = 79747E4C2366BEA300D3E08A /* camera.app */;
			productType = "com.apple.product-type.application";
		};
/* End PBXNativeTarget section */

/* Begin PBXProject section */
		79747E442366BEA300D3E08A /* Project object */ = {
			isa = PBXProject;
			attributes = {
				LastSwiftUpdateCheck = 1100;
				LastUpgradeCheck = 1100;
				ORGANIZATIONNAME = "james luo";
				TargetAttributes = {
					79747E4B2366BEA300D3E08A = {
						CreatedOnToolsVersion = 11.0;
					};
				};
			};
			buildConfigurationList = 79747E472366BEA300D3E08A /* Build configuration list for PBXProject "camera" */;
			compatibilityVersion = "Xcode 9.3";
			developmentRegion = en;
			hasScannedForEncodings = 0;
			knownRegions = (
				en,
				Base,
			);
			mainGroup = 79747E432366BEA300D3E08A;
			productRefGroup = 79747E4D2366BEA300D3E08A /* Products */;
			projectDirPath = "";
			projectRoot = "";
			targets = (
				79747E4B2366BEA300D3E08A /* camera */,
			);
		};
/* End PBXProject section */

/* Begin PBXResourcesBuildPhase section */
		79747E4A2366BEA300D3E08A /* Resources */ = {
			isa = PBXResourcesBuildPhase;
			buildActionMask = 2147483647;
			files = (
				79747E5C2366BEAC00D3E08A /* LaunchScreen.storyboard in Resources */,
				79747E592366BEAC00D3E08A /* Assets.xcassets in Resources */,
				79747E572366BEA300D3E08A /* Main.storyboard in Resources */,
			);
			runOnlyForDeploymentPostprocessing = 0;
		};
/* End PBXResourcesBuildPhase section */

/* Begin PBXShellScriptBuildPhase section */
		6FD4C7BFF8B87D386733FC28 /* [CP] Check Pods Manifest.lock */ = {
			isa = PBXShellScriptBuildPhase;
			buildActionMask = 2147483647;
			files = (
			);
			inputFileListPaths = (
			);
			inputPaths = (
				"${PODS_PODFILE_DIR_PATH}/Podfile.lock",
				"${PODS_ROOT}/Manifest.lock",
			);
			name = "[CP] Check Pods Manifest.lock";
			outputFileListPaths = (
			);
			outputPaths = (
				"$(DERIVED_FILE_DIR)/Pods-camera-checkManifestLockResult.txt",
			);
			runOnlyForDeploymentPostprocessing = 0;
			shellPath = /bin/sh;
			shellScript = "diff \"${PODS_PODFILE_DIR_PATH}/Podfile.lock\" \"${PODS_ROOT}/Manifest.lock\" > /dev/null\nif [ $? != 0 ] ; then\n    # print error to STDERR\n    echo \"error: The sandbox is not in sync with the Podfile.lock. Run 'pod install' or update your CocoaPods installation.\" >&2\n    exit 1\nfi\n# This output is used by Xcode 'outputs' to avoid re-running this script phase.\necho \"SUCCESS\" > \"${SCRIPT_OUTPUT_FILE_0}\"\n";
			showEnvVarsInLog = 0;
		};
		D5CF02F6337B83B928601539 /* [CP] Embed Pods Frameworks */ = {
			isa = PBXShellScriptBuildPhase;
			buildActionMask = 2147483647;
			files = (
			);
			inputFileListPaths = (
				"${PODS_ROOT}/Target Support Files/Pods-camera/Pods-camera-frameworks-${CONFIGURATION}-input-files.xcfilelist",
			);
			name = "[CP] Embed Pods Frameworks";
			outputFileListPaths = (
				"${PODS_ROOT}/Target Support Files/Pods-camera/Pods-camera-frameworks-${CONFIGURATION}-output-files.xcfilelist",
			);
			runOnlyForDeploymentPostprocessing = 0;
			shellPath = /bin/sh;
			shellScript = "\"${PODS_ROOT}/Target Support Files/Pods-camera/Pods-camera-frameworks.sh\"\n";
			showEnvVarsInLog = 0;
		};
/* End PBXShellScriptBuildPhase section */

/* Begin PBXSourcesBuildPhase section */
		79747E482366BEA300D3E08A /* Sources */ = {
			isa = PBXSourcesBuildPhase;
			buildActionMask = 2147483647;
			files = (
				79747E542366BEA300D3E08A /* ViewController.swift in Sources */,
				792B05062387467000C527FE /* ARView.swift in Sources */,
				79B3CCBC2407C11F009F182E /* AnalizeViewController.swift in Sources */,
				79747E502366BEA300D3E08A /* AppDelegate.swift in Sources */,
				79747E522366BEA300D3E08A /* SceneDelegate.swift in Sources */,
			);
			runOnlyForDeploymentPostprocessing = 0;
		};
/* End PBXSourcesBuildPhase section */

/* Begin PBXVariantGroup section */
		79747E552366BEA300D3E08A /* Main.storyboard */ = {
			isa = PBXVariantGroup;
			children = (
				79747E562366BEA300D3E08A /* Base */,
			);
			name = Main.storyboard;
			sourceTree = "<group>";
		};
		79747E5A2366BEAC00D3E08A /* LaunchScreen.storyboard */ = {
			isa = PBXVariantGroup;
			children = (
				79747E5B2366BEAC00D3E08A /* Base */,
			);
			name = LaunchScreen.storyboard;
			sourceTree = "<group>";
		};
/* End PBXVariantGroup section */

/* Begin XCBuildConfiguration section */
		79747E5E2366BEAC00D3E08A /* Debug */ = {
			isa = XCBuildConfiguration;
			buildSettings = {
				ALWAYS_SEARCH_USER_PATHS = NO;
				CLANG_ANALYZER_NONNULL = YES;
				CLANG_ANALYZER_NUMBER_OBJECT_CONVERSION = YES_AGGRESSIVE;
				CLANG_CXX_LANGUAGE_STANDARD = "gnu++14";
				CLANG_CXX_LIBRARY = "libc++";
				CLANG_ENABLE_MODULES = YES;
				CLANG_ENABLE_OBJC_ARC = YES;
				CLANG_ENABLE_OBJC_WEAK = YES;
				CLANG_WARN_BLOCK_CAPTURE_AUTORELEASING = YES;
				CLANG_WARN_BOOL_CONVERSION = YES;
				CLANG_WARN_COMMA = YES;
				CLANG_WARN_CONSTANT_CONVERSION = YES;
				CLANG_WARN_DEPRECATED_OBJC_IMPLEMENTATIONS = YES;
				CLANG_WARN_DIRECT_OBJC_ISA_USAGE = YES_ERROR;
				CLANG_WARN_DOCUMENTATION_COMMENTS = YES;
				CLANG_WARN_EMPTY_BODY = YES;
				CLANG_WARN_ENUM_CONVERSION = YES;
				CLANG_WARN_INFINITE_RECURSION = YES;
				CLANG_WARN_INT_CONVERSION = YES;
				CLANG_WARN_NON_LITERAL_NULL_CONVERSION = YES;
				CLANG_WARN_OBJC_IMPLICIT_RETAIN_SELF = YES;
				CLANG_WARN_OBJC_LITERAL_CONVERSION = YES;
				CLANG_WARN_OBJC_ROOT_CLASS = YES_ERROR;
				CLANG_WARN_RANGE_LOOP_ANALYSIS = YES;
				CLANG_WARN_STRICT_PROTOTYPES = YES;
				CLANG_WARN_SUSPICIOUS_MOVE = YES;
				CLANG_WARN_UNGUARDED_AVAILABILITY = YES_AGGRESSIVE;
				CLANG_WARN_UNREACHABLE_CODE = YES;
				CLANG_WARN__DUPLICATE_METHOD_MATCH = YES;
				COPY_PHASE_STRIP = NO;
				DEBUG_INFORMATION_FORMAT = dwarf;
				ENABLE_STRICT_OBJC_MSGSEND = YES;
				ENABLE_TESTABILITY = YES;
				GCC_C_LANGUAGE_STANDARD = gnu11;
				GCC_DYNAMIC_NO_PIC = NO;
				GCC_NO_COMMON_BLOCKS = YES;
				GCC_OPTIMIZATION_LEVEL = 0;
				GCC_PREPROCESSOR_DEFINITIONS = (
					"DEBUG=1",
					"$(inherited)",
				);
				GCC_WARN_64_TO_32_BIT_CONVERSION = YES;
				GCC_WARN_ABOUT_RETURN_TYPE = YES_ERROR;
				GCC_WARN_UNDECLARED_SELECTOR = YES;
				GCC_WARN_UNINITIALIZED_AUTOS = YES_AGGRESSIVE;
				GCC_WARN_UNUSED_FUNCTION = YES;
				GCC_WARN_UNUSED_VARIABLE = YES;
				IPHONEOS_DEPLOYMENT_TARGET = 13.0;
				MTL_ENABLE_DEBUG_INFO = INCLUDE_SOURCE;
				MTL_FAST_MATH = YES;
				ONLY_ACTIVE_ARCH = YES;
				SDKROOT = iphoneos;
				SWIFT_ACTIVE_COMPILATION_CONDITIONS = DEBUG;
				SWIFT_OPTIMIZATION_LEVEL = "-Onone";
			};
			name = Debug;
		};
		79747E5F2366BEAC00D3E08A /* Release */ = {
			isa = XCBuildConfiguration;
			buildSettings = {
				ALWAYS_SEARCH_USER_PATHS = NO;
				CLANG_ANALYZER_NONNULL = YES;
				CLANG_ANALYZER_NUMBER_OBJECT_CONVERSION = YES_AGGRESSIVE;
				CLANG_CXX_LANGUAGE_STANDARD = "gnu++14";
				CLANG_CXX_LIBRARY = "libc++";
				CLANG_ENABLE_MODULES = YES;
				CLANG_ENABLE_OBJC_ARC = YES;
				CLANG_ENABLE_OBJC_WEAK = YES;
				CLANG_WARN_BLOCK_CAPTURE_AUTORELEASING = YES;
				CLANG_WARN_BOOL_CONVERSION = YES;
				CLANG_WARN_COMMA = YES;
				CLANG_WARN_CONSTANT_CONVERSION = YES;
				CLANG_WARN_DEPRECATED_OBJC_IMPLEMENTATIONS = YES;
				CLANG_WARN_DIRECT_OBJC_ISA_USAGE = YES_ERROR;
				CLANG_WARN_DOCUMENTATION_COMMENTS = YES;
				CLANG_WARN_EMPTY_BODY = YES;
				CLANG_WARN_ENUM_CONVERSION = YES;
				CLANG_WARN_INFINITE_RECURSION = YES;
				CLANG_WARN_INT_CONVERSION = YES;
				CLANG_WARN_NON_LITERAL_NULL_CONVERSION = YES;
				CLANG_WARN_OBJC_IMPLICIT_RETAIN_SELF = YES;
				CLANG_WARN_OBJC_LITERAL_CONVERSION = YES;
				CLANG_WARN_OBJC_ROOT_CLASS = YES_ERROR;
				CLANG_WARN_RANGE_LOOP_ANALYSIS = YES;
				CLANG_WARN_STRICT_PROTOTYPES = YES;
				CLANG_WARN_SUSPICIOUS_MOVE = YES;
				CLANG_WARN_UNGUARDED_AVAILABILITY = YES_AGGRESSIVE;
				CLANG_WARN_UNREACHABLE_CODE = YES;
				CLANG_WARN__DUPLICATE_METHOD_MATCH = YES;
				COPY_PHASE_STRIP = NO;
				DEBUG_INFORMATION_FORMAT = "dwarf-with-dsym";
				ENABLE_NS_ASSERTIONS = NO;
				ENABLE_STRICT_OBJC_MSGSEND = YES;
				GCC_C_LANGUAGE_STANDARD = gnu11;
				GCC_NO_COMMON_BLOCKS = YES;
				GCC_WARN_64_TO_32_BIT_CONVERSION = YES;
				GCC_WARN_ABOUT_RETURN_TYPE = YES_ERROR;
				GCC_WARN_UNDECLARED_SELECTOR = YES;
				GCC_WARN_UNINITIALIZED_AUTOS = YES_AGGRESSIVE;
				GCC_WARN_UNUSED_FUNCTION = YES;
				GCC_WARN_UNUSED_VARIABLE = YES;
				IPHONEOS_DEPLOYMENT_TARGET = 13.0;
				MTL_ENABLE_DEBUG_INFO = NO;
				MTL_FAST_MATH = YES;
				SDKROOT = iphoneos;
				SWIFT_COMPILATION_MODE = wholemodule;
				SWIFT_OPTIMIZATION_LEVEL = "-O";
				VALIDATE_PRODUCT = YES;
			};
			name = Release;
		};
		79747E612366BEAC00D3E08A /* Debug */ = {
			isa = XCBuildConfiguration;
			baseConfigurationReference = 908169DBD7F9005307340BD6 /* Pods-camera.debug.xcconfig */;
			buildSettings = {
				ASSETCATALOG_COMPILER_APPICON_NAME = AppIcon;
				CODE_SIGN_STYLE = Automatic;
				DEVELOPMENT_TEAM = TCL5NNKKA5;
				INFOPLIST_FILE = camera/Info.plist;
				LD_RUNPATH_SEARCH_PATHS = (
					"$(inherited)",
					"@executable_path/Frameworks",
				);
				PRODUCT_BUNDLE_IDENTIFIER = acm.camera;
				PRODUCT_NAME = "$(TARGET_NAME)";
				SWIFT_VERSION = 5.0;
				TARGETED_DEVICE_FAMILY = "1,2";
			};
			name = Debug;
		};
		79747E622366BEAC00D3E08A /* Release */ = {
			isa = XCBuildConfiguration;
			baseConfigurationReference = 2E7867A4A432E406F16DBB6F /* Pods-camera.release.xcconfig */;
			buildSettings = {
				ASSETCATALOG_COMPILER_APPICON_NAME = AppIcon;
				CODE_SIGN_STYLE = Automatic;
				DEVELOPMENT_TEAM = TCL5NNKKA5;
				INFOPLIST_FILE = camera/Info.plist;
				LD_RUNPATH_SEARCH_PATHS = (
					"$(inherited)",
					"@executable_path/Frameworks",
				);
				PRODUCT_BUNDLE_IDENTIFIER = acm.camera;
				PRODUCT_NAME = "$(TARGET_NAME)";
				SWIFT_VERSION = 5.0;
				TARGETED_DEVICE_FAMILY = "1,2";
			};
			name = Release;
		};
/* End XCBuildConfiguration section */

/* Begin XCConfigurationList section */
		79747E472366BEA300D3E08A /* Build configuration list for PBXProject "camera" */ = {
			isa = XCConfigurationList;
			buildConfigurations = (
				79747E5E2366BEAC00D3E08A /* Debug */,
				79747E5F2366BEAC00D3E08A /* Release */,
			);
			defaultConfigurationIsVisible = 0;
			defaultConfigurationName = Release;
		};
		79747E602366BEAC00D3E08A /* Build configuration list for PBXNativeTarget "camera" */ = {
			isa = XCConfigurationList;
			buildConfigurations = (
				79747E612366BEAC00D3E08A /* Debug */,
				79747E622366BEAC00D3E08A /* Release */,
			);
			defaultConfigurationIsVisible = 0;
			defaultConfigurationName = Release;
		};
/* End XCConfigurationList section */
	};
	rootObject = 79747E442366BEA300D3E08A /* Project object */;
}
