// !$*UTF8*$!
{
	archiveVersion = 1;
	classes = {
	};
	objectVersion = 50;
	objects = {

/* Begin PBXBuildFile section */
		7940B95423624A290060F57A /* AppDelegate.swift in Sources */ = {isa = PBXBuildFile; fileRef = 7940B95323624A290060F57A /* AppDelegate.swift */; };
		7940B95623624A290060F57A /* SceneDelegate.swift in Sources */ = {isa = PBXBuildFile; fileRef = 7940B95523624A290060F57A /* SceneDelegate.swift */; };
		7940B95823624A290060F57A /* ViewController.swift in Sources */ = {isa = PBXBuildFile; fileRef = 7940B95723624A290060F57A /* ViewController.swift */; };
		7940B95B23624A290060F57A /* Main.storyboard in Resources */ = {isa = PBXBuildFile; fileRef = 7940B95923624A290060F57A /* Main.storyboard */; };
		7940B95D23624A330060F57A /* Assets.xcassets in Resources */ = {isa = PBXBuildFile; fileRef = 7940B95C23624A330060F57A /* Assets.xcassets */; };
		7940B96023624A330060F57A /* LaunchScreen.storyboard in Resources */ = {isa = PBXBuildFile; fileRef = 7940B95E23624A330060F57A /* LaunchScreen.storyboard */; };
		7940B968236251C30060F57A /* CountGameView.swift in Sources */ = {isa = PBXBuildFile; fileRef = 7940B967236251C30060F57A /* CountGameView.swift */; };
/* End PBXBuildFile section */

/* Begin PBXFileReference section */
		7940B95023624A290060F57A /* UIWorkshop.app */ = {isa = PBXFileReference; explicitFileType = wrapper.application; includeInIndex = 0; path = UIWorkshop.app; sourceTree = BUILT_PRODUCTS_DIR; };
		7940B95323624A290060F57A /* AppDelegate.swift */ = {isa = PBXFileReference; lastKnownFileType = sourcecode.swift; path = AppDelegate.swift; sourceTree = "<group>"; };
		7940B95523624A290060F57A /* SceneDelegate.swift */ = {isa = PBXFileReference; lastKnownFileType = sourcecode.swift; path = SceneDelegate.swift; sourceTree = "<group>"; };
		7940B95723624A290060F57A /* ViewController.swift */ = {isa = PBXFileReference; lastKnownFileType = sourcecode.swift; path = ViewController.swift; sourceTree = "<group>"; };
		7940B95A23624A290060F57A /* Base */ = {isa = PBXFileReference; lastKnownFileType = file.storyboard; name = Base; path = Base.lproj/Main.storyboard; sourceTree = "<group>"; };
		7940B95C23624A330060F57A /* Assets.xcassets */ = {isa = PBXFileReference; lastKnownFileType = folder.assetcatalog; path = Assets.xcassets; sourceTree = "<group>"; };
		7940B95F23624A330060F57A /* Base */ = {isa = PBXFileReference; lastKnownFileType = file.storyboard; name = Base; path = Base.lproj/LaunchScreen.storyboard; sourceTree = "<group>"; };
		7940B96123624A330060F57A /* Info.plist */ = {isa = PBXFileReference; lastKnownFileType = text.plist.xml; path = Info.plist; sourceTree = "<group>"; };
		7940B967236251C30060F57A /* CountGameView.swift */ = {isa = PBXFileReference; lastKnownFileType = sourcecode.swift; path = CountGameView.swift; sourceTree = "<group>"; };
/* End PBXFileReference section */

/* Begin PBXFrameworksBuildPhase section */
		7940B94D23624A290060F57A /* Frameworks */ = {
			isa = PBXFrameworksBuildPhase;
			buildActionMask = 2147483647;
			files = (
			);
			runOnlyForDeploymentPostprocessing = 0;
		};
/* End PBXFrameworksBuildPhase section */

/* Begin PBXGroup section */
		7940B94723624A290060F57A = {
			isa = PBXGroup;
			children = (
				7940B95223624A290060F57A /* UIWorkshop */,
				7940B95123624A290060F57A /* Products */,
			);
			sourceTree = "<group>";
		};
		7940B95123624A290060F57A /* Products */ = {
			isa = PBXGroup;
			children = (
				7940B95023624A290060F57A /* UIWorkshop.app */,
			);
			name = Products;
			sourceTree = "<group>";
		};
		7940B95223624A290060F57A /* UIWorkshop */ = {
			isa = PBXGroup;
			children = (
				7940B95323624A290060F57A /* AppDelegate.swift */,
				7940B95523624A290060F57A /* SceneDelegate.swift */,
				7940B95723624A290060F57A /* ViewController.swift */,
				7940B95923624A290060F57A /* Main.storyboard */,
				7940B967236251C30060F57A /* CountGameView.swift */,
				7940B95C23624A330060F57A /* Assets.xcassets */,
				7940B95E23624A330060F57A /* LaunchScreen.storyboard */,
				7940B96123624A330060F57A /* Info.plist */,
			);
			path = UIWorkshop;
			sourceTree = "<group>";
		};
/* End PBXGroup section */

/* Begin PBXNativeTarget section */
		7940B94F23624A290060F57A /* UIWorkshop */ = {
			isa = PBXNativeTarget;
			buildConfigurationList = 7940B96423624A330060F57A /* Build configuration list for PBXNativeTarget "UIWorkshop" */;
			buildPhases = (
				7940B94C23624A290060F57A /* Sources */,
				7940B94D23624A290060F57A /* Frameworks */,
				7940B94E23624A290060F57A /* Resources */,
			);
			buildRules = (
			);
			dependencies = (
			);
			name = UIWorkshop;
			productName = UIWorkshop;
			productReference = 7940B95023624A290060F57A /* UIWorkshop.app */;
			productType = "com.apple.product-type.application";
		};
/* End PBXNativeTarget section */

/* Begin PBXProject section */
		7940B94823624A290060F57A /* Project object */ = {
			isa = PBXProject;
			attributes = {
				LastSwiftUpdateCheck = 1100;
				LastUpgradeCheck = 1100;
				ORGANIZATIONNAME = "james luo";
				TargetAttributes = {
					7940B94F23624A290060F57A = {
						CreatedOnToolsVersion = 11.0;
					};
				};
			};
			buildConfigurationList = 7940B94B23624A290060F57A /* Build configuration list for PBXProject "UIWorkshop" */;
			compatibilityVersion = "Xcode 9.3";
			developmentRegion = en;
			hasScannedForEncodings = 0;
			knownRegions = (
				en,
				Base,
			);
			mainGroup = 7940B94723624A290060F57A;
			productRefGroup = 7940B95123624A290060F57A /* Products */;
			projectDirPath = "";
			projectRoot = "";
			targets = (
				7940B94F23624A290060F57A /* UIWorkshop */,
			);
		};
/* End PBXProject section */

/* Begin PBXResourcesBuildPhase section */
		7940B94E23624A290060F57A /* Resources */ = {
			isa = PBXResourcesBuildPhase;
			buildActionMask = 2147483647;
			files = (
				7940B96023624A330060F57A /* LaunchScreen.storyboard in Resources */,
				7940B95D23624A330060F57A /* Assets.xcassets in Resources */,
				7940B95B23624A290060F57A /* Main.storyboard in Resources */,
			);
			runOnlyForDeploymentPostprocessing = 0;
		};
/* End PBXResourcesBuildPhase section */

/* Begin PBXSourcesBuildPhase section */
		7940B94C23624A290060F57A /* Sources */ = {
			isa = PBXSourcesBuildPhase;
			buildActionMask = 2147483647;
			files = (
				7940B968236251C30060F57A /* CountGameView.swift in Sources */,
				7940B95823624A290060F57A /* ViewController.swift in Sources */,
				7940B95423624A290060F57A /* AppDelegate.swift in Sources */,
				7940B95623624A290060F57A /* SceneDelegate.swift in Sources */,
			);
			runOnlyForDeploymentPostprocessing = 0;
		};
/* End PBXSourcesBuildPhase section */

/* Begin PBXVariantGroup section */
		7940B95923624A290060F57A /* Main.storyboard */ = {
			isa = PBXVariantGroup;
			children = (
				7940B95A23624A290060F57A /* Base */,
			);
			name = Main.storyboard;
			sourceTree = "<group>";
		};
		7940B95E23624A330060F57A /* LaunchScreen.storyboard */ = {
			isa = PBXVariantGroup;
			children = (
				7940B95F23624A330060F57A /* Base */,
			);
			name = LaunchScreen.storyboard;
			sourceTree = "<group>";
		};
/* End PBXVariantGroup section */

/* Begin XCBuildConfiguration section */
		7940B96223624A330060F57A /* Debug */ = {
			isa = XCBuildConfiguration;
			buildSettings = {
				ALWAYS_SEARCH_USER_PATHS = NO;
				CLANG_ANALYZER_NONNULL = YES;
				CLANG_ANALYZER_NUMBER_OBJECT_CONVERSION = YES_AGGRESSIVE;
				CLANG_CXX_LANGUAGE_STANDARD = "gnu++14";
				CLANG_CXX_LIBRARY = "libc++";
				CLANG_ENABLE_MODULES = YES;
				CLANG_ENABLE_OBJC_ARC = YES;
				CLANG_ENABLE_OBJC_WEAK = YES;
				CLANG_WARN_BLOCK_CAPTURE_AUTORELEASING = YES;
				CLANG_WARN_BOOL_CONVERSION = YES;
				CLANG_WARN_COMMA = YES;
				CLANG_WARN_CONSTANT_CONVERSION = YES;
				CLANG_WARN_DEPRECATED_OBJC_IMPLEMENTATIONS = YES;
				CLANG_WARN_DIRECT_OBJC_ISA_USAGE = YES_ERROR;
				CLANG_WARN_DOCUMENTATION_COMMENTS = YES;
				CLANG_WARN_EMPTY_BODY = YES;
				CLANG_WARN_ENUM_CONVERSION = YES;
				CLANG_WARN_INFINITE_RECURSION = YES;
				CLANG_WARN_INT_CONVERSION = YES;
				CLANG_WARN_NON_LITERAL_NULL_CONVERSION = YES;
				CLANG_WARN_OBJC_IMPLICIT_RETAIN_SELF = YES;
				CLANG_WARN_OBJC_LITERAL_CONVERSION = YES;
				CLANG_WARN_OBJC_ROOT_CLASS = YES_ERROR;
				CLANG_WARN_RANGE_LOOP_ANALYSIS = YES;
				CLANG_WARN_STRICT_PROTOTYPES = YES;
				CLANG_WARN_SUSPICIOUS_MOVE = YES;
				CLANG_WARN_UNGUARDED_AVAILABILITY = YES_AGGRESSIVE;
				CLANG_WARN_UNREACHABLE_CODE = YES;
				CLANG_WARN__DUPLICATE_METHOD_MATCH = YES;
				COPY_PHASE_STRIP = NO;
				DEBUG_INFORMATION_FORMAT = dwarf;
				ENABLE_STRICT_OBJC_MSGSEND = YES;
				ENABLE_TESTABILITY = YES;
				GCC_C_LANGUAGE_STANDARD = gnu11;
				GCC_DYNAMIC_NO_PIC = NO;
				GCC_NO_COMMON_BLOCKS = YES;
				GCC_OPTIMIZATION_LEVEL = 0;
				GCC_PREPROCESSOR_DEFINITIONS = (
					"DEBUG=1",
					"$(inherited)",
				);
				GCC_WARN_64_TO_32_BIT_CONVERSION = YES;
				GCC_WARN_ABOUT_RETURN_TYPE = YES_ERROR;
				GCC_WARN_UNDECLARED_SELECTOR = YES;
				GCC_WARN_UNINITIALIZED_AUTOS = YES_AGGRESSIVE;
				GCC_WARN_UNUSED_FUNCTION = YES;
				GCC_WARN_UNUSED_VARIABLE = YES;
				IPHONEOS_DEPLOYMENT_TARGET = 13.0;
				MTL_ENABLE_DEBUG_INFO = INCLUDE_SOURCE;
				MTL_FAST_MATH = YES;
				ONLY_ACTIVE_ARCH = YES;
				SDKROOT = iphoneos;
				SWIFT_ACTIVE_COMPILATION_CONDITIONS = DEBUG;
				SWIFT_OPTIMIZATION_LEVEL = "-Onone";
			};
			name = Debug;
		};
		7940B96323624A330060F57A /* Release */ = {
			isa = XCBuildConfiguration;
			buildSettings = {
				ALWAYS_SEARCH_USER_PATHS = NO;
				CLANG_ANALYZER_NONNULL = YES;
				CLANG_ANALYZER_NUMBER_OBJECT_CONVERSION = YES_AGGRESSIVE;
				CLANG_CXX_LANGUAGE_STANDARD = "gnu++14";
				CLANG_CXX_LIBRARY = "libc++";
				CLANG_ENABLE_MODULES = YES;
				CLANG_ENABLE_OBJC_ARC = YES;
				CLANG_ENABLE_OBJC_WEAK = YES;
				CLANG_WARN_BLOCK_CAPTURE_AUTORELEASING = YES;
				CLANG_WARN_BOOL_CONVERSION = YES;
				CLANG_WARN_COMMA = YES;
				CLANG_WARN_CONSTANT_CONVERSION = YES;
				CLANG_WARN_DEPRECATED_OBJC_IMPLEMENTATIONS = YES;
				CLANG_WARN_DIRECT_OBJC_ISA_USAGE = YES_ERROR;
				CLANG_WARN_DOCUMENTATION_COMMENTS = YES;
				CLANG_WARN_EMPTY_BODY = YES;
				CLANG_WARN_ENUM_CONVERSION = YES;
				CLANG_WARN_INFINITE_RECURSION = YES;
				CLANG_WARN_INT_CONVERSION = YES;
				CLANG_WARN_NON_LITERAL_NULL_CONVERSION = YES;
				CLANG_WARN_OBJC_IMPLICIT_RETAIN_SELF = YES;
				CLANG_WARN_OBJC_LITERAL_CONVERSION = YES;
				CLANG_WARN_OBJC_ROOT_CLASS = YES_ERROR;
				CLANG_WARN_RANGE_LOOP_ANALYSIS = YES;
				CLANG_WARN_STRICT_PROTOTYPES = YES;
				CLANG_WARN_SUSPICIOUS_MOVE = YES;
				CLANG_WARN_UNGUARDED_AVAILABILITY = YES_AGGRESSIVE;
				CLANG_WARN_UNREACHABLE_CODE = YES;
				CLANG_WARN__DUPLICATE_METHOD_MATCH = YES;
				COPY_PHASE_STRIP = NO;
				DEBUG_INFORMATION_FORMAT = "dwarf-with-dsym";
				ENABLE_NS_ASSERTIONS = NO;
				ENABLE_STRICT_OBJC_MSGSEND = YES;
				GCC_C_LANGUAGE_STANDARD = gnu11;
				GCC_NO_COMMON_BLOCKS = YES;
				GCC_WARN_64_TO_32_BIT_CONVERSION = YES;
				GCC_WARN_ABOUT_RETURN_TYPE = YES_ERROR;
				GCC_WARN_UNDECLARED_SELECTOR = YES;
				GCC_WARN_UNINITIALIZED_AUTOS = YES_AGGRESSIVE;
				GCC_WARN_UNUSED_FUNCTION = YES;
				GCC_WARN_UNUSED_VARIABLE = YES;
				IPHONEOS_DEPLOYMENT_TARGET = 13.0;
				MTL_ENABLE_DEBUG_INFO = NO;
				MTL_FAST_MATH = YES;
				SDKROOT = iphoneos;
				SWIFT_COMPILATION_MODE = wholemodule;
				SWIFT_OPTIMIZATION_LEVEL = "-O";
				VALIDATE_PRODUCT = YES;
			};
			name = Release;
		};
		7940B96523624A330060F57A /* Debug */ = {
			isa = XCBuildConfiguration;
			buildSettings = {
				ASSETCATALOG_COMPILER_APPICON_NAME = AppIcon;
				CODE_SIGN_STYLE = Automatic;
				DEVELOPMENT_TEAM = TCL5NNKKA5;
				INFOPLIST_FILE = UIWorkshop/Info.plist;
				LD_RUNPATH_SEARCH_PATHS = (
					"$(inherited)",
					"@executable_path/Frameworks",
				);
				PRODUCT_BUNDLE_IDENTIFIER = acm.UIWorkshop;
				PRODUCT_NAME = "$(TARGET_NAME)";
				SWIFT_VERSION = 5.0;
				TARGETED_DEVICE_FAMILY = "1,2";
			};
			name = Debug;
		};
		7940B96623624A330060F57A /* Release */ = {
			isa = XCBuildConfiguration;
			buildSettings = {
				ASSETCATALOG_COMPILER_APPICON_NAME = AppIcon;
				CODE_SIGN_STYLE = Automatic;
				DEVELOPMENT_TEAM = TCL5NNKKA5;
				INFOPLIST_FILE = UIWorkshop/Info.plist;
				LD_RUNPATH_SEARCH_PATHS = (
					"$(inherited)",
					"@executable_path/Frameworks",
				);
				PRODUCT_BUNDLE_IDENTIFIER = acm.UIWorkshop;
				PRODUCT_NAME = "$(TARGET_NAME)";
				SWIFT_VERSION = 5.0;
				TARGETED_DEVICE_FAMILY = "1,2";
			};
			name = Release;
		};
/* End XCBuildConfiguration section */

/* Begin XCConfigurationList section */
		7940B94B23624A290060F57A /* Build configuration list for PBXProject "UIWorkshop" */ = {
			isa = XCConfigurationList;
			buildConfigurations = (
				7940B96223624A330060F57A /* Debug */,
				7940B96323624A330060F57A /* Release */,
			);
			defaultConfigurationIsVisible = 0;
			defaultConfigurationName = Release;
		};
		7940B96423624A330060F57A /* Build configuration list for PBXNativeTarget "UIWorkshop" */ = {
			isa = XCConfigurationList;
			buildConfigurations = (
				7940B96523624A330060F57A /* Debug */,
				7940B96623624A330060F57A /* Release */,
			);
			defaultConfigurationIsVisible = 0;
			defaultConfigurationName = Release;
		};
/* End XCConfigurationList section */
	};
	rootObject = 7940B94823624A290060F57A /* Project object */;
}
