// !$*UTF8*$!
{
	archiveVersion = 1;
	classes = {
	};
	objectVersion = 50;
	objects = {

/* Begin PBXBuildFile section */
		79FCE18722DEF6C800624AC3 /* AppDelegate.swift in Sources */ = {isa = PBXBuildFile; fileRef = 79FCE18622DEF6C800624AC3 /* AppDelegate.swift */; };
		79FCE18922DEF6C800624AC3 /* ViewController.swift in Sources */ = {isa = PBXBuildFile; fileRef = 79FCE18822DEF6C800624AC3 /* ViewController.swift */; };
		79FCE18C22DEF6C800624AC3 /* Main.storyboard in Resources */ = {isa = PBXBuildFile; fileRef = 79FCE18A22DEF6C800624AC3 /* Main.storyboard */; };
		79FCE18E22DEF6C900624AC3 /* Assets.xcassets in Resources */ = {isa = PBXBuildFile; fileRef = 79FCE18D22DEF6C900624AC3 /* Assets.xcassets */; };
		79FCE19122DEF6C900624AC3 /* LaunchScreen.storyboard in Resources */ = {isa = PBXBuildFile; fileRef = 79FCE18F22DEF6C900624AC3 /* LaunchScreen.storyboard */; };
		79FCE19922DFB55D00624AC3 /* numberGame.swift in Sources */ = {isa = PBXBuildFile; fileRef = 79FCE19822DFB55D00624AC3 /* numberGame.swift */; };
		79FCE19B22DFB66800624AC3 /* arrayController.swift in Sources */ = {isa = PBXBuildFile; fileRef = 79FCE19A22DFB66800624AC3 /* arrayController.swift */; };
/* End PBXBuildFile section */

/* Begin PBXFileReference section */
		79FCE18322DEF6C800624AC3 /* UIIntro.app */ = {isa = PBXFileReference; explicitFileType = wrapper.application; includeInIndex = 0; path = UIIntro.app; sourceTree = BUILT_PRODUCTS_DIR; };
		79FCE18622DEF6C800624AC3 /* AppDelegate.swift */ = {isa = PBXFileReference; lastKnownFileType = sourcecode.swift; path = AppDelegate.swift; sourceTree = "<group>"; };
		79FCE18822DEF6C800624AC3 /* ViewController.swift */ = {isa = PBXFileReference; lastKnownFileType = sourcecode.swift; path = ViewController.swift; sourceTree = "<group>"; };
		79FCE18B22DEF6C800624AC3 /* Base */ = {isa = PBXFileReference; lastKnownFileType = file.storyboard; name = Base; path = Base.lproj/Main.storyboard; sourceTree = "<group>"; };
		79FCE18D22DEF6C900624AC3 /* Assets.xcassets */ = {isa = PBXFileReference; lastKnownFileType = folder.assetcatalog; path = Assets.xcassets; sourceTree = "<group>"; };
		79FCE19022DEF6C900624AC3 /* Base */ = {isa = PBXFileReference; lastKnownFileType = file.storyboard; name = Base; path = Base.lproj/LaunchScreen.storyboard; sourceTree = "<group>"; };
		79FCE19222DEF6C900624AC3 /* Info.plist */ = {isa = PBXFileReference; lastKnownFileType = text.plist.xml; path = Info.plist; sourceTree = "<group>"; };
		79FCE19822DFB55D00624AC3 /* numberGame.swift */ = {isa = PBXFileReference; lastKnownFileType = sourcecode.swift; name = numberGame.swift; path = UICode/numberGame.swift; sourceTree = "<group>"; };
		79FCE19A22DFB66800624AC3 /* arrayController.swift */ = {isa = PBXFileReference; lastKnownFileType = sourcecode.swift; name = arrayController.swift; path = UICode/arrayController.swift; sourceTree = "<group>"; };
/* End PBXFileReference section */

/* Begin PBXFrameworksBuildPhase section */
		79FCE18022DEF6C800624AC3 /* Frameworks */ = {
			isa = PBXFrameworksBuildPhase;
			buildActionMask = 2147483647;
			files = (
			);
			runOnlyForDeploymentPostprocessing = 0;
		};
/* End PBXFrameworksBuildPhase section */

/* Begin PBXGroup section */
		79FCE17A22DEF6C800624AC3 = {
			isa = PBXGroup;
			children = (
				79FCE18522DEF6C800624AC3 /* UIIntro */,
				79FCE18422DEF6C800624AC3 /* Products */,
			);
			sourceTree = "<group>";
		};
		79FCE18422DEF6C800624AC3 /* Products */ = {
			isa = PBXGroup;
			children = (
				79FCE18322DEF6C800624AC3 /* UIIntro.app */,
			);
			name = Products;
			sourceTree = "<group>";
		};
		79FCE18522DEF6C800624AC3 /* UIIntro */ = {
			isa = PBXGroup;
			children = (
				79FCE18622DEF6C800624AC3 /* AppDelegate.swift */,
				79FCE18822DEF6C800624AC3 /* ViewController.swift */,
				79FCE18A22DEF6C800624AC3 /* Main.storyboard */,
				79FCE19822DFB55D00624AC3 /* numberGame.swift */,
				79FCE19A22DFB66800624AC3 /* arrayController.swift */,
				79FCE18D22DEF6C900624AC3 /* Assets.xcassets */,
				79FCE18F22DEF6C900624AC3 /* LaunchScreen.storyboard */,
				79FCE19222DEF6C900624AC3 /* Info.plist */,
			);
			path = UIIntro;
			sourceTree = "<group>";
		};
/* End PBXGroup section */

/* Begin PBXNativeTarget section */
		79FCE18222DEF6C800624AC3 /* UIIntro */ = {
			isa = PBXNativeTarget;
			buildConfigurationList = 79FCE19522DEF6C900624AC3 /* Build configuration list for PBXNativeTarget "UIIntro" */;
			buildPhases = (
				79FCE17F22DEF6C800624AC3 /* Sources */,
				79FCE18022DEF6C800624AC3 /* Frameworks */,
				79FCE18122DEF6C800624AC3 /* Resources */,
			);
			buildRules = (
			);
			dependencies = (
			);
			name = UIIntro;
			productName = UIIntro;
			productReference = 79FCE18322DEF6C800624AC3 /* UIIntro.app */;
			productType = "com.apple.product-type.application";
		};
/* End PBXNativeTarget section */

/* Begin PBXProject section */
		79FCE17B22DEF6C800624AC3 /* Project object */ = {
			isa = PBXProject;
			attributes = {
				LastSwiftUpdateCheck = 1020;
				LastUpgradeCheck = 1020;
				ORGANIZATIONNAME = "james luo";
				TargetAttributes = {
					79FCE18222DEF6C800624AC3 = {
						CreatedOnToolsVersion = 10.2.1;
					};
				};
			};
			buildConfigurationList = 79FCE17E22DEF6C800624AC3 /* Build configuration list for PBXProject "UIIntro" */;
			compatibilityVersion = "Xcode 9.3";
			developmentRegion = en;
			hasScannedForEncodings = 0;
			knownRegions = (
				en,
				Base,
			);
			mainGroup = 79FCE17A22DEF6C800624AC3;
			productRefGroup = 79FCE18422DEF6C800624AC3 /* Products */;
			projectDirPath = "";
			projectRoot = "";
			targets = (
				79FCE18222DEF6C800624AC3 /* UIIntro */,
			);
		};
/* End PBXProject section */

/* Begin PBXResourcesBuildPhase section */
		79FCE18122DEF6C800624AC3 /* Resources */ = {
			isa = PBXResourcesBuildPhase;
			buildActionMask = 2147483647;
			files = (
				79FCE19122DEF6C900624AC3 /* LaunchScreen.storyboard in Resources */,
				79FCE18E22DEF6C900624AC3 /* Assets.xcassets in Resources */,
				79FCE18C22DEF6C800624AC3 /* Main.storyboard in Resources */,
			);
			runOnlyForDeploymentPostprocessing = 0;
		};
/* End PBXResourcesBuildPhase section */

/* Begin PBXSourcesBuildPhase section */
		79FCE17F22DEF6C800624AC3 /* Sources */ = {
			isa = PBXSourcesBuildPhase;
			buildActionMask = 2147483647;
			files = (
				79FCE19922DFB55D00624AC3 /* numberGame.swift in Sources */,
				79FCE18922DEF6C800624AC3 /* ViewController.swift in Sources */,
				79FCE18722DEF6C800624AC3 /* AppDelegate.swift in Sources */,
				79FCE19B22DFB66800624AC3 /* arrayController.swift in Sources */,
			);
			runOnlyForDeploymentPostprocessing = 0;
		};
/* End PBXSourcesBuildPhase section */

/* Begin PBXVariantGroup section */
		79FCE18A22DEF6C800624AC3 /* Main.storyboard */ = {
			isa = PBXVariantGroup;
			children = (
				79FCE18B22DEF6C800624AC3 /* Base */,
			);
			name = Main.storyboard;
			sourceTree = "<group>";
		};
		79FCE18F22DEF6C900624AC3 /* LaunchScreen.storyboard */ = {
			isa = PBXVariantGroup;
			children = (
				79FCE19022DEF6C900624AC3 /* Base */,
			);
			name = LaunchScreen.storyboard;
			sourceTree = "<group>";
		};
/* End PBXVariantGroup section */

/* Begin XCBuildConfiguration section */
		79FCE19322DEF6C900624AC3 /* Debug */ = {
			isa = XCBuildConfiguration;
			buildSettings = {
				ALWAYS_SEARCH_USER_PATHS = NO;
				CLANG_ANALYZER_NONNULL = YES;
				CLANG_ANALYZER_NUMBER_OBJECT_CONVERSION = YES_AGGRESSIVE;
				CLANG_CXX_LANGUAGE_STANDARD = "gnu++14";
				CLANG_CXX_LIBRARY = "libc++";
				CLANG_ENABLE_MODULES = YES;
				CLANG_ENABLE_OBJC_ARC = YES;
				CLANG_ENABLE_OBJC_WEAK = YES;
				CLANG_WARN_BLOCK_CAPTURE_AUTORELEASING = YES;
				CLANG_WARN_BOOL_CONVERSION = YES;
				CLANG_WARN_COMMA = YES;
				CLANG_WARN_CONSTANT_CONVERSION = YES;
				CLANG_WARN_DEPRECATED_OBJC_IMPLEMENTATIONS = YES;
				CLANG_WARN_DIRECT_OBJC_ISA_USAGE = YES_ERROR;
				CLANG_WARN_DOCUMENTATION_COMMENTS = YES;
				CLANG_WARN_EMPTY_BODY = YES;
				CLANG_WARN_ENUM_CONVERSION = YES;
				CLANG_WARN_INFINITE_RECURSION = YES;
				CLANG_WARN_INT_CONVERSION = YES;
				CLANG_WARN_NON_LITERAL_NULL_CONVERSION = YES;
				CLANG_WARN_OBJC_IMPLICIT_RETAIN_SELF = YES;
				CLANG_WARN_OBJC_LITERAL_CONVERSION = YES;
				CLANG_WARN_OBJC_ROOT_CLASS = YES_ERROR;
				CLANG_WARN_RANGE_LOOP_ANALYSIS = YES;
				CLANG_WARN_STRICT_PROTOTYPES = YES;
				CLANG_WARN_SUSPICIOUS_MOVE = YES;
				CLANG_WARN_UNGUARDED_AVAILABILITY = YES_AGGRESSIVE;
				CLANG_WARN_UNREACHABLE_CODE = YES;
				CLANG_WARN__DUPLICATE_METHOD_MATCH = YES;
				CODE_SIGN_IDENTITY = "iPhone Developer";
				COPY_PHASE_STRIP = NO;
				DEBUG_INFORMATION_FORMAT = dwarf;
				ENABLE_STRICT_OBJC_MSGSEND = YES;
				ENABLE_TESTABILITY = YES;
				GCC_C_LANGUAGE_STANDARD = gnu11;
				GCC_DYNAMIC_NO_PIC = NO;
				GCC_NO_COMMON_BLOCKS = YES;
				GCC_OPTIMIZATION_LEVEL = 0;
				GCC_PREPROCESSOR_DEFINITIONS = (
					"DEBUG=1",
					"$(inherited)",
				);
				GCC_WARN_64_TO_32_BIT_CONVERSION = YES;
				GCC_WARN_ABOUT_RETURN_TYPE = YES_ERROR;
				GCC_WARN_UNDECLARED_SELECTOR = YES;
				GCC_WARN_UNINITIALIZED_AUTOS = YES_AGGRESSIVE;
				GCC_WARN_UNUSED_FUNCTION = YES;
				GCC_WARN_UNUSED_VARIABLE = YES;
				IPHONEOS_DEPLOYMENT_TARGET = 12.2;
				MTL_ENABLE_DEBUG_INFO = INCLUDE_SOURCE;
				MTL_FAST_MATH = YES;
				ONLY_ACTIVE_ARCH = YES;
				SDKROOT = iphoneos;
				SWIFT_ACTIVE_COMPILATION_CONDITIONS = DEBUG;
				SWIFT_OPTIMIZATION_LEVEL = "-Onone";
			};
			name = Debug;
		};
		79FCE19422DEF6C900624AC3 /* Release */ = {
			isa = XCBuildConfiguration;
			buildSettings = {
				ALWAYS_SEARCH_USER_PATHS = NO;
				CLANG_ANALYZER_NONNULL = YES;
				CLANG_ANALYZER_NUMBER_OBJECT_CONVERSION = YES_AGGRESSIVE;
				CLANG_CXX_LANGUAGE_STANDARD = "gnu++14";
				CLANG_CXX_LIBRARY = "libc++";
				CLANG_ENABLE_MODULES = YES;
				CLANG_ENABLE_OBJC_ARC = YES;
				CLANG_ENABLE_OBJC_WEAK = YES;
				CLANG_WARN_BLOCK_CAPTURE_AUTORELEASING = YES;
				CLANG_WARN_BOOL_CONVERSION = YES;
				CLANG_WARN_COMMA = YES;
				CLANG_WARN_CONSTANT_CONVERSION = YES;
				CLANG_WARN_DEPRECATED_OBJC_IMPLEMENTATIONS = YES;
				CLANG_WARN_DIRECT_OBJC_ISA_USAGE = YES_ERROR;
				CLANG_WARN_DOCUMENTATION_COMMENTS = YES;
				CLANG_WARN_EMPTY_BODY = YES;
				CLANG_WARN_ENUM_CONVERSION = YES;
				CLANG_WARN_INFINITE_RECURSION = YES;
				CLANG_WARN_INT_CONVERSION = YES;
				CLANG_WARN_NON_LITERAL_NULL_CONVERSION = YES;
				CLANG_WARN_OBJC_IMPLICIT_RETAIN_SELF = YES;
				CLANG_WARN_OBJC_LITERAL_CONVERSION = YES;
				CLANG_WARN_OBJC_ROOT_CLASS = YES_ERROR;
				CLANG_WARN_RANGE_LOOP_ANALYSIS = YES;
				CLANG_WARN_STRICT_PROTOTYPES = YES;
				CLANG_WARN_SUSPICIOUS_MOVE = YES;
				CLANG_WARN_UNGUARDED_AVAILABILITY = YES_AGGRESSIVE;
				CLANG_WARN_UNREACHABLE_CODE = YES;
				CLANG_WARN__DUPLICATE_METHOD_MATCH = YES;
				CODE_SIGN_IDENTITY = "iPhone Developer";
				COPY_PHASE_STRIP = NO;
				DEBUG_INFORMATION_FORMAT = "dwarf-with-dsym";
				ENABLE_NS_ASSERTIONS = NO;
				ENABLE_STRICT_OBJC_MSGSEND = YES;
				GCC_C_LANGUAGE_STANDARD = gnu11;
				GCC_NO_COMMON_BLOCKS = YES;
				GCC_WARN_64_TO_32_BIT_CONVERSION = YES;
				GCC_WARN_ABOUT_RETURN_TYPE = YES_ERROR;
				GCC_WARN_UNDECLARED_SELECTOR = YES;
				GCC_WARN_UNINITIALIZED_AUTOS = YES_AGGRESSIVE;
				GCC_WARN_UNUSED_FUNCTION = YES;
				GCC_WARN_UNUSED_VARIABLE = YES;
				IPHONEOS_DEPLOYMENT_TARGET = 12.2;
				MTL_ENABLE_DEBUG_INFO = NO;
				MTL_FAST_MATH = YES;
				SDKROOT = iphoneos;
				SWIFT_COMPILATION_MODE = wholemodule;
				SWIFT_OPTIMIZATION_LEVEL = "-O";
				VALIDATE_PRODUCT = YES;
			};
			name = Release;
		};
		79FCE19622DEF6C900624AC3 /* Debug */ = {
			isa = XCBuildConfiguration;
			buildSettings = {
				ASSETCATALOG_COMPILER_APPICON_NAME = AppIcon;
				CODE_SIGN_STYLE = Automatic;
				DEVELOPMENT_TEAM = TCL5NNKKA5;
				INFOPLIST_FILE = UIIntro/Info.plist;
				LD_RUNPATH_SEARCH_PATHS = (
					"$(inherited)",
					"@executable_path/Frameworks",
				);
				PRODUCT_BUNDLE_IDENTIFIER = acm.UIIntro;
				PRODUCT_NAME = "$(TARGET_NAME)";
				SWIFT_VERSION = 5.0;
				TARGETED_DEVICE_FAMILY = "1,2";
			};
			name = Debug;
		};
		79FCE19722DEF6C900624AC3 /* Release */ = {
			isa = XCBuildConfiguration;
			buildSettings = {
				ASSETCATALOG_COMPILER_APPICON_NAME = AppIcon;
				CODE_SIGN_STYLE = Automatic;
				DEVELOPMENT_TEAM = TCL5NNKKA5;
				INFOPLIST_FILE = UIIntro/Info.plist;
				LD_RUNPATH_SEARCH_PATHS = (
					"$(inherited)",
					"@executable_path/Frameworks",
				);
				PRODUCT_BUNDLE_IDENTIFIER = acm.UIIntro;
				PRODUCT_NAME = "$(TARGET_NAME)";
				SWIFT_VERSION = 5.0;
				TARGETED_DEVICE_FAMILY = "1,2";
			};
			name = Release;
		};
/* End XCBuildConfiguration section */

/* Begin XCConfigurationList section */
		79FCE17E22DEF6C800624AC3 /* Build configuration list for PBXProject "UIIntro" */ = {
			isa = XCConfigurationList;
			buildConfigurations = (
				79FCE19322DEF6C900624AC3 /* Debug */,
				79FCE19422DEF6C900624AC3 /* Release */,
			);
			defaultConfigurationIsVisible = 0;
			defaultConfigurationName = Release;
		};
		79FCE19522DEF6C900624AC3 /* Build configuration list for PBXNativeTarget "UIIntro" */ = {
			isa = XCConfigurationList;
			buildConfigurations = (
				79FCE19622DEF6C900624AC3 /* Debug */,
				79FCE19722DEF6C900624AC3 /* Release */,
			);
			defaultConfigurationIsVisible = 0;
			defaultConfigurationName = Release;
		};
/* End XCConfigurationList section */
	};
	rootObject = 79FCE17B22DEF6C800624AC3 /* Project object */;
}
